
Microsoft Visual Studio Solution File, Format Version 12.00
# Visual Studio Version 17
VisualStudioVersion = 17.3.32825.248
MinimumVisualStudioVersion = 10.0.40219.1
Project("{FAE04EC0-301F-11D3-BF4B-00C04F79EFBC}") = "Praktika13", "Praktika13\Praktika13.csproj", "{E9829548-938E-4320-A443-6E37ADC030A3}"
EndProject
Project("{2150E333-8FDC-42A3-9474-1A3956D46DE8}") = "icons", "icons", "{943CCF27-B755-4DD0-AD5D-5BD45AD5BE7A}"
	ProjectSection(SolutionItems) = preProject
		Praktika13\1.png = Praktika13\1.png
		Praktika13\2.png = Praktika13\2.png
	EndProjectSection
EndProject
Global
	GlobalSection(SolutionConfigurationPlatforms) = preSolution
		Debug|Any CPU = Debug|Any CPU
		Release|Any CPU = Release|Any CPU
	EndGlobalSection
	GlobalSection(ProjectConfigurationPlatforms) = postSolution
		{E9829548-938E-4320-A443-6E37ADC030A3}.Debug|Any CPU.ActiveCfg = Debug|Any CPU
		{E9829548-938E-4320-A443-6E37ADC030A3}.Debug|Any CPU.Build.0 = Debug|Any CPU
		{E9829548-938E-4320-A443-6E37ADC030A3}.Release|Any CPU.ActiveCfg = Release|Any CPU
		{E9829548-938E-4320-A443-6E37ADC030A3}.Release|Any CPU.Build.0 = Release|Any CPU
	EndGlobalSection
	GlobalSection(SolutionProperties) = preSolution
		HideSolutionNode = FALSE
	EndGlobalSection
	GlobalSection(ExtensibilityGlobals) = postSolution
		SolutionGuid = {01D2A7AE-5A8F-4BF6-A8BF-C317C5ABD6A3}
	EndGlobalSection
EndGlobal
